// !$*UTF8*$!
{
	archiveVersion = 1;
	classes = {
	};
	objectVersion = 56;
	objects = {

/* Begin PBXBuildFile section */
		CB9E89782B02B18F00A3A458 /* tik_tok_iosApp.swift in Sources */ = {isa = PBXBuildFile; fileRef = CB9E89772B02B18F00A3A458 /* tik_tok_iosApp.swift */; };
		CB9E897A2B02B18F00A3A458 /* ContentView.swift in Sources */ = {isa = PBXBuildFile; fileRef = CB9E89792B02B18F00A3A458 /* ContentView.swift */; };
		CB9E897C2B02B19300A3A458 /* Assets.xcassets in Resources */ = {isa = PBXBuildFile; fileRef = CB9E897B2B02B19300A3A458 /* Assets.xcassets */; };
		CB9E897F2B02B19300A3A458 /* Preview Assets.xcassets in Resources */ = {isa = PBXBuildFile; fileRef = CB9E897E2B02B19300A3A458 /* Preview Assets.xcassets */; };
		CB9E89962B02B43300A3A458 /* MainTabView.swift in Sources */ = {isa = PBXBuildFile; fileRef = CB9E89952B02B43300A3A458 /* MainTabView.swift */; };
		CB9E89982B02BA3800A3A458 /* FeedView.swift in Sources */ = {isa = PBXBuildFile; fileRef = CB9E89972B02BA3800A3A458 /* FeedView.swift */; };
		CB9E899A2B02BB9900A3A458 /* FeedCell.swift in Sources */ = {isa = PBXBuildFile; fileRef = CB9E89992B02BB9900A3A458 /* FeedCell.swift */; };
		CB9E899C2B02EAC000A3A458 /* ExploreView.swift in Sources */ = {isa = PBXBuildFile; fileRef = CB9E899B2B02EAC000A3A458 /* ExploreView.swift */; };
		CB9E899E2B02EADA00A3A458 /* UserCell.swift in Sources */ = {isa = PBXBuildFile; fileRef = CB9E899D2B02EADA00A3A458 /* UserCell.swift */; };
/* End PBXBuildFile section */

/* Begin PBXFileReference section */
		CB9E89742B02B18F00A3A458 /* tik-tok-ios.app */ = {isa = PBXFileReference; explicitFileType = wrapper.application; includeInIndex = 0; path = "tik-tok-ios.app"; sourceTree = BUILT_PRODUCTS_DIR; };
		CB9E89772B02B18F00A3A458 /* tik_tok_iosApp.swift */ = {isa = PBXFileReference; lastKnownFileType = sourcecode.swift; path = tik_tok_iosApp.swift; sourceTree = "<group>"; };
		CB9E89792B02B18F00A3A458 /* ContentView.swift */ = {isa = PBXFileReference; lastKnownFileType = sourcecode.swift; path = ContentView.swift; sourceTree = "<group>"; };
		CB9E897B2B02B19300A3A458 /* Assets.xcassets */ = {isa = PBXFileReference; lastKnownFileType = folder.assetcatalog; path = Assets.xcassets; sourceTree = "<group>"; };
		CB9E897E2B02B19300A3A458 /* Preview Assets.xcassets */ = {isa = PBXFileReference; lastKnownFileType = folder.assetcatalog; path = "Preview Assets.xcassets"; sourceTree = "<group>"; };
		CB9E89952B02B43300A3A458 /* MainTabView.swift */ = {isa = PBXFileReference; lastKnownFileType = sourcecode.swift; path = MainTabView.swift; sourceTree = "<group>"; };
		CB9E89972B02BA3800A3A458 /* FeedView.swift */ = {isa = PBXFileReference; lastKnownFileType = sourcecode.swift; path = FeedView.swift; sourceTree = "<group>"; };
		CB9E89992B02BB9900A3A458 /* FeedCell.swift */ = {isa = PBXFileReference; lastKnownFileType = sourcecode.swift; path = FeedCell.swift; sourceTree = "<group>"; };
		CB9E899B2B02EAC000A3A458 /* ExploreView.swift */ = {isa = PBXFileReference; lastKnownFileType = sourcecode.swift; path = ExploreView.swift; sourceTree = "<group>"; };
		CB9E899D2B02EADA00A3A458 /* UserCell.swift */ = {isa = PBXFileReference; lastKnownFileType = sourcecode.swift; path = UserCell.swift; sourceTree = "<group>"; };
/* End PBXFileReference section */

/* Begin PBXFrameworksBuildPhase section */
		CB9E89712B02B18F00A3A458 /* Frameworks */ = {
			isa = PBXFrameworksBuildPhase;
			buildActionMask = 2147483647;
			files = (
			);
			runOnlyForDeploymentPostprocessing = 0;
		};
/* End PBXFrameworksBuildPhase section */

/* Begin PBXGroup section */
		CB9E896B2B02B18F00A3A458 = {
			isa = PBXGroup;
			children = (
				CB9E89762B02B18F00A3A458 /* tik-tok-ios */,
				CB9E89752B02B18F00A3A458 /* Products */,
			);
			sourceTree = "<group>";
		};
		CB9E89752B02B18F00A3A458 /* Products */ = {
			isa = PBXGroup;
			children = (
				CB9E89742B02B18F00A3A458 /* tik-tok-ios.app */,
			);
			name = Products;
			sourceTree = "<group>";
		};
		CB9E89762B02B18F00A3A458 /* tik-tok-ios */ = {
			isa = PBXGroup;
			children = (
				CB9E898A2B02B24A00A3A458 /* App */,
				CB9E89892B02B24800A3A458 /* Core */,
				CB9E89882B02B24300A3A458 /* Extensions */,
				CB9E89872B02B24000A3A458 /* Model */,
				CB9E89862B02B23500A3A458 /* Services */,
				CB9E89852B02B21E00A3A458 /* Utils */,
				CB9E89772B02B18F00A3A458 /* tik_tok_iosApp.swift */,
				CB9E897B2B02B19300A3A458 /* Assets.xcassets */,
				CB9E897D2B02B19300A3A458 /* Preview Content */,
			);
			path = "tik-tok-ios";
			sourceTree = "<group>";
		};
		CB9E897D2B02B19300A3A458 /* Preview Content */ = {
			isa = PBXGroup;
			children = (
				CB9E897E2B02B19300A3A458 /* Preview Assets.xcassets */,
			);
			path = "Preview Content";
			sourceTree = "<group>";
		};
		CB9E89852B02B21E00A3A458 /* Utils */ = {
			isa = PBXGroup;
			children = (
			);
			path = Utils;
			sourceTree = "<group>";
		};
		CB9E89862B02B23500A3A458 /* Services */ = {
			isa = PBXGroup;
			children = (
			);
			path = Services;
			sourceTree = "<group>";
		};
		CB9E89872B02B24000A3A458 /* Model */ = {
			isa = PBXGroup;
			children = (
			);
			path = Model;
			sourceTree = "<group>";
		};
		CB9E89882B02B24300A3A458 /* Extensions */ = {
			isa = PBXGroup;
			children = (
			);
			path = Extensions;
			sourceTree = "<group>";
		};
		CB9E89892B02B24800A3A458 /* Core */ = {
			isa = PBXGroup;
			children = (
				CB9E89942B02B3DA00A3A458 /* UploadMedia */,
				CB9E89932B02B3D000A3A458 /* TabBar */,
				CB9E89922B02B3C300A3A458 /* Search */,
				CB9E89912B02B3A000A3A458 /* Root */,
				CB9E89902B02B39800A3A458 /* Profile */,
				CB9E898F2B02B39100A3A458 /* Notifications */,
				CB9E898E2B02B38800A3A458 /* Feed */,
				CB9E898D2B02B37B00A3A458 /* Components */,
				CB9E898C2B02B37200A3A458 /* Comments */,
				CB9E898B2B02B33B00A3A458 /* Authentication */,
			);
			path = Core;
			sourceTree = "<group>";
		};
		CB9E898A2B02B24A00A3A458 /* App */ = {
			isa = PBXGroup;
			children = (
			);
			path = App;
			sourceTree = "<group>";
		};
		CB9E898B2B02B33B00A3A458 /* Authentication */ = {
			isa = PBXGroup;
			children = (
			);
			path = Authentication;
			sourceTree = "<group>";
		};
		CB9E898C2B02B37200A3A458 /* Comments */ = {
			isa = PBXGroup;
			children = (
			);
			path = Comments;
			sourceTree = "<group>";
		};
		CB9E898D2B02B37B00A3A458 /* Components */ = {
			isa = PBXGroup;
			children = (
			);
			path = Components;
			sourceTree = "<group>";
		};
		CB9E898E2B02B38800A3A458 /* Feed */ = {
			isa = PBXGroup;
			children = (
				CB9E89972B02BA3800A3A458 /* FeedView.swift */,
				CB9E89992B02BB9900A3A458 /* FeedCell.swift */,
			);
			path = Feed;
			sourceTree = "<group>";
		};
		CB9E898F2B02B39100A3A458 /* Notifications */ = {
			isa = PBXGroup;
			children = (
			);
			path = Notifications;
			sourceTree = "<group>";
		};
		CB9E89902B02B39800A3A458 /* Profile */ = {
			isa = PBXGroup;
			children = (
			);
			path = Profile;
			sourceTree = "<group>";
		};
		CB9E89912B02B3A000A3A458 /* Root */ = {
			isa = PBXGroup;
			children = (
				CB9E89792B02B18F00A3A458 /* ContentView.swift */,
			);
			path = Root;
			sourceTree = "<group>";
		};
		CB9E89922B02B3C300A3A458 /* Search */ = {
			isa = PBXGroup;
			children = (
				CB9E899B2B02EAC000A3A458 /* ExploreView.swift */,
				CB9E899D2B02EADA00A3A458 /* UserCell.swift */,
			);
			path = Search;
			sourceTree = "<group>";
		};
		CB9E89932B02B3D000A3A458 /* TabBar */ = {
			isa = PBXGroup;
			children = (
				CB9E89952B02B43300A3A458 /* MainTabView.swift */,
			);
			path = TabBar;
			sourceTree = "<group>";
		};
		CB9E89942B02B3DA00A3A458 /* UploadMedia */ = {
			isa = PBXGroup;
			children = (
			);
			path = UploadMedia;
			sourceTree = "<group>";
		};
/* End PBXGroup section */

/* Begin PBXNativeTarget section */
		CB9E89732B02B18F00A3A458 /* tik-tok-ios */ = {
			isa = PBXNativeTarget;
			buildConfigurationList = CB9E89822B02B19300A3A458 /* Build configuration list for PBXNativeTarget "tik-tok-ios" */;
			buildPhases = (
				CB9E89702B02B18F00A3A458 /* Sources */,
				CB9E89712B02B18F00A3A458 /* Frameworks */,
				CB9E89722B02B18F00A3A458 /* Resources */,
			);
			buildRules = (
			);
			dependencies = (
			);
			name = "tik-tok-ios";
			productName = "tik-tok-ios";
			productReference = CB9E89742B02B18F00A3A458 /* tik-tok-ios.app */;
			productType = "com.apple.product-type.application";
		};
/* End PBXNativeTarget section */

/* Begin PBXProject section */
		CB9E896C2B02B18F00A3A458 /* Project object */ = {
			isa = PBXProject;
			attributes = {
				BuildIndependentTargetsInParallel = 1;
				LastSwiftUpdateCheck = 1500;
				LastUpgradeCheck = 1500;
				TargetAttributes = {
					CB9E89732B02B18F00A3A458 = {
						CreatedOnToolsVersion = 15.0.1;
					};
				};
			};
			buildConfigurationList = CB9E896F2B02B18F00A3A458 /* Build configuration list for PBXProject "tik-tok-ios" */;
			compatibilityVersion = "Xcode 14.0";
			developmentRegion = en;
			hasScannedForEncodings = 0;
			knownRegions = (
				en,
				Base,
			);
			mainGroup = CB9E896B2B02B18F00A3A458;
			productRefGroup = CB9E89752B02B18F00A3A458 /* Products */;
			projectDirPath = "";
			projectRoot = "";
			targets = (
				CB9E89732B02B18F00A3A458 /* tik-tok-ios */,
			);
		};
/* End PBXProject section */

/* Begin PBXResourcesBuildPhase section */
		CB9E89722B02B18F00A3A458 /* Resources */ = {
			isa = PBXResourcesBuildPhase;
			buildActionMask = 2147483647;
			files = (
				CB9E897F2B02B19300A3A458 /* Preview Assets.xcassets in Resources */,
				CB9E897C2B02B19300A3A458 /* Assets.xcassets in Resources */,
			);
			runOnlyForDeploymentPostprocessing = 0;
		};
/* End PBXResourcesBuildPhase section */

/* Begin PBXSourcesBuildPhase section */
		CB9E89702B02B18F00A3A458 /* Sources */ = {
			isa = PBXSourcesBuildPhase;
			buildActionMask = 2147483647;
			files = (
				CB9E89982B02BA3800A3A458 /* FeedView.swift in Sources */,
				CB9E899A2B02BB9900A3A458 /* FeedCell.swift in Sources */,
				CB9E897A2B02B18F00A3A458 /* ContentView.swift in Sources */,
				CB9E89782B02B18F00A3A458 /* tik_tok_iosApp.swift in Sources */,
				CB9E899C2B02EAC000A3A458 /* ExploreView.swift in Sources */,
				CB9E89962B02B43300A3A458 /* MainTabView.swift in Sources */,
				CB9E899E2B02EADA00A3A458 /* UserCell.swift in Sources */,
			);
			runOnlyForDeploymentPostprocessing = 0;
		};
/* End PBXSourcesBuildPhase section */

/* Begin XCBuildConfiguration section */
		CB9E89802B02B19300A3A458 /* Debug */ = {
			isa = XCBuildConfiguration;
			buildSettings = {
				ALWAYS_SEARCH_USER_PATHS = NO;
				ASSETCATALOG_COMPILER_GENERATE_SWIFT_ASSET_SYMBOL_EXTENSIONS = YES;
				CLANG_ANALYZER_NONNULL = YES;
				CLANG_ANALYZER_NUMBER_OBJECT_CONVERSION = YES_AGGRESSIVE;
				CLANG_CXX_LANGUAGE_STANDARD = "gnu++20";
				CLANG_ENABLE_MODULES = YES;
				CLANG_ENABLE_OBJC_ARC = YES;
				CLANG_ENABLE_OBJC_WEAK = YES;
				CLANG_WARN_BLOCK_CAPTURE_AUTORELEASING = YES;
				CLANG_WARN_BOOL_CONVERSION = YES;
				CLANG_WARN_COMMA = YES;
				CLANG_WARN_CONSTANT_CONVERSION = YES;
				CLANG_WARN_DEPRECATED_OBJC_IMPLEMENTATIONS = YES;
				CLANG_WARN_DIRECT_OBJC_ISA_USAGE = YES_ERROR;
				CLANG_WARN_DOCUMENTATION_COMMENTS = YES;
				CLANG_WARN_EMPTY_BODY = YES;
				CLANG_WARN_ENUM_CONVERSION = YES;
				CLANG_WARN_INFINITE_RECURSION = YES;
				CLANG_WARN_INT_CONVERSION = YES;
				CLANG_WARN_NON_LITERAL_NULL_CONVERSION = YES;
				CLANG_WARN_OBJC_IMPLICIT_RETAIN_SELF = YES;
				CLANG_WARN_OBJC_LITERAL_CONVERSION = YES;
				CLANG_WARN_OBJC_ROOT_CLASS = YES_ERROR;
				CLANG_WARN_QUOTED_INCLUDE_IN_FRAMEWORK_HEADER = YES;
				CLANG_WARN_RANGE_LOOP_ANALYSIS = YES;
				CLANG_WARN_STRICT_PROTOTYPES = YES;
				CLANG_WARN_SUSPICIOUS_MOVE = YES;
				CLANG_WARN_UNGUARDED_AVAILABILITY = YES_AGGRESSIVE;
				CLANG_WARN_UNREACHABLE_CODE = YES;
				CLANG_WARN__DUPLICATE_METHOD_MATCH = YES;
				COPY_PHASE_STRIP = NO;
				DEBUG_INFORMATION_FORMAT = dwarf;
				ENABLE_STRICT_OBJC_MSGSEND = YES;
				ENABLE_TESTABILITY = YES;
				ENABLE_USER_SCRIPT_SANDBOXING = YES;
				GCC_C_LANGUAGE_STANDARD = gnu17;
				GCC_DYNAMIC_NO_PIC = NO;
				GCC_NO_COMMON_BLOCKS = YES;
				GCC_OPTIMIZATION_LEVEL = 0;
				GCC_PREPROCESSOR_DEFINITIONS = (
					"DEBUG=1",
					"$(inherited)",
				);
				GCC_WARN_64_TO_32_BIT_CONVERSION = YES;
				GCC_WARN_ABOUT_RETURN_TYPE = YES_ERROR;
				GCC_WARN_UNDECLARED_SELECTOR = YES;
				GCC_WARN_UNINITIALIZED_AUTOS = YES_AGGRESSIVE;
				GCC_WARN_UNUSED_FUNCTION = YES;
				GCC_WARN_UNUSED_VARIABLE = YES;
				IPHONEOS_DEPLOYMENT_TARGET = 17.0;
				LOCALIZATION_PREFERS_STRING_CATALOGS = YES;
				MTL_ENABLE_DEBUG_INFO = INCLUDE_SOURCE;
				MTL_FAST_MATH = YES;
				ONLY_ACTIVE_ARCH = YES;
				SDKROOT = iphoneos;
				SWIFT_ACTIVE_COMPILATION_CONDITIONS = "DEBUG $(inherited)";
				SWIFT_OPTIMIZATION_LEVEL = "-Onone";
			};
			name = Debug;
		};
		CB9E89812B02B19300A3A458 /* Release */ = {
			isa = XCBuildConfiguration;
			buildSettings = {
				ALWAYS_SEARCH_USER_PATHS = NO;
				ASSETCATALOG_COMPILER_GENERATE_SWIFT_ASSET_SYMBOL_EXTENSIONS = YES;
				CLANG_ANALYZER_NONNULL = YES;
				CLANG_ANALYZER_NUMBER_OBJECT_CONVERSION = YES_AGGRESSIVE;
				CLANG_CXX_LANGUAGE_STANDARD = "gnu++20";
				CLANG_ENABLE_MODULES = YES;
				CLANG_ENABLE_OBJC_ARC = YES;
				CLANG_ENABLE_OBJC_WEAK = YES;
				CLANG_WARN_BLOCK_CAPTURE_AUTORELEASING = YES;
				CLANG_WARN_BOOL_CONVERSION = YES;
				CLANG_WARN_COMMA = YES;
				CLANG_WARN_CONSTANT_CONVERSION = YES;
				CLANG_WARN_DEPRECATED_OBJC_IMPLEMENTATIONS = YES;
				CLANG_WARN_DIRECT_OBJC_ISA_USAGE = YES_ERROR;
				CLANG_WARN_DOCUMENTATION_COMMENTS = YES;
				CLANG_WARN_EMPTY_BODY = YES;
				CLANG_WARN_ENUM_CONVERSION = YES;
				CLANG_WARN_INFINITE_RECURSION = YES;
				CLANG_WARN_INT_CONVERSION = YES;
				CLANG_WARN_NON_LITERAL_NULL_CONVERSION = YES;
				CLANG_WARN_OBJC_IMPLICIT_RETAIN_SELF = YES;
				CLANG_WARN_OBJC_LITERAL_CONVERSION = YES;
				CLANG_WARN_OBJC_ROOT_CLASS = YES_ERROR;
				CLANG_WARN_QUOTED_INCLUDE_IN_FRAMEWORK_HEADER = YES;
				CLANG_WARN_RANGE_LOOP_ANALYSIS = YES;
				CLANG_WARN_STRICT_PROTOTYPES = YES;
				CLANG_WARN_SUSPICIOUS_MOVE = YES;
				CLANG_WARN_UNGUARDED_AVAILABILITY = YES_AGGRESSIVE;
				CLANG_WARN_UNREACHABLE_CODE = YES;
				CLANG_WARN__DUPLICATE_METHOD_MATCH = YES;
				COPY_PHASE_STRIP = NO;
				DEBUG_INFORMATION_FORMAT = "dwarf-with-dsym";
				ENABLE_NS_ASSERTIONS = NO;
				ENABLE_STRICT_OBJC_MSGSEND = YES;
				ENABLE_USER_SCRIPT_SANDBOXING = YES;
				GCC_C_LANGUAGE_STANDARD = gnu17;
				GCC_NO_COMMON_BLOCKS = YES;
				GCC_WARN_64_TO_32_BIT_CONVERSION = YES;
				GCC_WARN_ABOUT_RETURN_TYPE = YES_ERROR;
				GCC_WARN_UNDECLARED_SELECTOR = YES;
				GCC_WARN_UNINITIALIZED_AUTOS = YES_AGGRESSIVE;
				GCC_WARN_UNUSED_FUNCTION = YES;
				GCC_WARN_UNUSED_VARIABLE = YES;
				IPHONEOS_DEPLOYMENT_TARGET = 17.0;
				LOCALIZATION_PREFERS_STRING_CATALOGS = YES;
				MTL_ENABLE_DEBUG_INFO = NO;
				MTL_FAST_MATH = YES;
				SDKROOT = iphoneos;
				SWIFT_COMPILATION_MODE = wholemodule;
				VALIDATE_PRODUCT = YES;
			};
			name = Release;
		};
		CB9E89832B02B19300A3A458 /* Debug */ = {
			isa = XCBuildConfiguration;
			buildSettings = {
				ASSETCATALOG_COMPILER_APPICON_NAME = AppIcon;
				ASSETCATALOG_COMPILER_GLOBAL_ACCENT_COLOR_NAME = AccentColor;
				CODE_SIGN_STYLE = Automatic;
				CURRENT_PROJECT_VERSION = 1;
				DEVELOPMENT_ASSET_PATHS = "\"tik-tok-ios/Preview Content\"";
				DEVELOPMENT_TEAM = 4P897873TK;
				ENABLE_PREVIEWS = YES;
				GENERATE_INFOPLIST_FILE = YES;
				INFOPLIST_KEY_UIApplicationSceneManifest_Generation = YES;
				INFOPLIST_KEY_UIApplicationSupportsIndirectInputEvents = YES;
				INFOPLIST_KEY_UILaunchScreen_Generation = YES;
				INFOPLIST_KEY_UISupportedInterfaceOrientations_iPad = "UIInterfaceOrientationPortrait UIInterfaceOrientationPortraitUpsideDown UIInterfaceOrientationLandscapeLeft UIInterfaceOrientationLandscapeRight";
				INFOPLIST_KEY_UISupportedInterfaceOrientations_iPhone = "UIInterfaceOrientationPortrait UIInterfaceOrientationLandscapeLeft UIInterfaceOrientationLandscapeRight";
				LD_RUNPATH_SEARCH_PATHS = (
					"$(inherited)",
					"@executable_path/Frameworks",
				);
				MARKETING_VERSION = 1.0;
				PRODUCT_BUNDLE_IDENTIFIER = "com.smit.tik-tok-ios";
				PRODUCT_NAME = "$(TARGET_NAME)";
				SWIFT_EMIT_LOC_STRINGS = YES;
				SWIFT_VERSION = 5.0;
				TARGETED_DEVICE_FAMILY = "1,2";
			};
			name = Debug;
		};
		CB9E89842B02B19300A3A458 /* Release */ = {
			isa = XCBuildConfiguration;
			buildSettings = {
				ASSETCATALOG_COMPILER_APPICON_NAME = AppIcon;
				ASSETCATALOG_COMPILER_GLOBAL_ACCENT_COLOR_NAME = AccentColor;
				CODE_SIGN_STYLE = Automatic;
				CURRENT_PROJECT_VERSION = 1;
				DEVELOPMENT_ASSET_PATHS = "\"tik-tok-ios/Preview Content\"";
				DEVELOPMENT_TEAM = 4P897873TK;
				ENABLE_PREVIEWS = YES;
				GENERATE_INFOPLIST_FILE = YES;
				INFOPLIST_KEY_UIApplicationSceneManifest_Generation = YES;
				INFOPLIST_KEY_UIApplicationSupportsIndirectInputEvents = YES;
				INFOPLIST_KEY_UILaunchScreen_Generation = YES;
				INFOPLIST_KEY_UISupportedInterfaceOrientations_iPad = "UIInterfaceOrientationPortrait UIInterfaceOrientationPortraitUpsideDown UIInterfaceOrientationLandscapeLeft UIInterfaceOrientationLandscapeRight";
				INFOPLIST_KEY_UISupportedInterfaceOrientations_iPhone = "UIInterfaceOrientationPortrait UIInterfaceOrientationLandscapeLeft UIInterfaceOrientationLandscapeRight";
				LD_RUNPATH_SEARCH_PATHS = (
					"$(inherited)",
					"@executable_path/Frameworks",
				);
				MARKETING_VERSION = 1.0;
				PRODUCT_BUNDLE_IDENTIFIER = "com.smit.tik-tok-ios";
				PRODUCT_NAME = "$(TARGET_NAME)";
				SWIFT_EMIT_LOC_STRINGS = YES;
				SWIFT_VERSION = 5.0;
				TARGETED_DEVICE_FAMILY = "1,2";
			};
			name = Release;
		};
/* End XCBuildConfiguration section */

/* Begin XCConfigurationList section */
		CB9E896F2B02B18F00A3A458 /* Build configuration list for PBXProject "tik-tok-ios" */ = {
			isa = XCConfigurationList;
			buildConfigurations = (
				CB9E89802B02B19300A3A458 /* Debug */,
				CB9E89812B02B19300A3A458 /* Release */,
			);
			defaultConfigurationIsVisible = 0;
			defaultConfigurationName = Release;
		};
		CB9E89822B02B19300A3A458 /* Build configuration list for PBXNativeTarget "tik-tok-ios" */ = {
			isa = XCConfigurationList;
			buildConfigurations = (
				CB9E89832B02B19300A3A458 /* Debug */,
				CB9E89842B02B19300A3A458 /* Release */,
			);
			defaultConfigurationIsVisible = 0;
			defaultConfigurationName = Release;
		};
/* End XCConfigurationList section */
	};
	rootObject = CB9E896C2B02B18F00A3A458 /* Project object */;
}
